github.com/martende/mod3 v0.0.0-20201016090622-296ee0106e1d h1:4LBhWBTg8FNfopW3f/S7M47OtjLZq4vuwzjjBcQniZE=
github.com/martende/mod3 v0.0.0-20201016090622-296ee0106e1d/go.mod h1:q0pRW5Gqh8K16UaIzipr5O3LPa+wEV14BdHVtzZaKEI=
github.com/martende/mod3 v0.0.0-20201016090950-67e9342cf8b1 h1:QpPTLWTN34KB3rsI3z8Q6Ouqq5JsUvICmjlgi33xuUk=
github.com/martende/mod3 v0.0.0-20201016090950-67e9342cf8b1/go.mod h1:q0pRW5Gqh8K16UaIzipr5O3LPa+wEV14BdHVtzZaKEI=
github.com/martende/mod3 v1.0.1 h1:9P+k1tchGS4s1ckm1MlXqKGhkxxHf33zSK3jb94kAww=
github.com/martende/mod3 v1.0.1/go.mod h1:0XsBKTF1hotVQIhaIY4jzJjLqBl+mmS7Umi5kH3deRQ=
github.com/martende/mod3 v1.1.1 h1:xvBS8gQeUOssQtJ+ou8fB32OHBhLsB/UcU1uHlBhXAI=
github.com/martende/mod3 v1.1.1/go.mod h1:0XsBKTF1hotVQIhaIY4jzJjLqBl+mmS7Umi5kH3deRQ=
